
Microsoft Visual Studio Solution File, Format Version 12.00
# Visual Studio Version 16
VisualStudioVersion = 16.0.30225.117
MinimumVisualStudioVersion = 10.0.40219.1
Project("{FAE04EC0-301F-11D3-BF4B-00C04F79EFBC}") = "ExpensesAPI", "ExpensesAPI\ExpensesAPI.csproj", "{4A388FE9-FBD5-4435-8FB7-D91B2E2D485B}"
EndProject
Global
	GlobalSection(SolutionConfigurationPlatforms) = preSolution
		Debug|Any CPU = Debug|Any CPU
		Release|Any CPU = Release|Any CPU
	EndGlobalSection
	GlobalSection(ProjectConfigurationPlatforms) = postSolution
		{4A388FE9-FBD5-4435-8FB7-D91B2E2D485B}.Debug|Any CPU.ActiveCfg = Debug|Any CPU
		{4A388FE9-FBD5-4435-8FB7-D91B2E2D485B}.Debug|Any CPU.Build.0 = Debug|Any CPU
		{4A388FE9-FBD5-4435-8FB7-D91B2E2D485B}.Release|Any CPU.ActiveCfg = Release|Any CPU
		{4A388FE9-FBD5-4435-8FB7-D91B2E2D485B}.Release|Any CPU.Build.0 = Release|Any CPU
	EndGlobalSection
	GlobalSection(SolutionProperties) = preSolution
		HideSolutionNode = FALSE
	EndGlobalSection
	GlobalSection(ExtensibilityGlobals) = postSolution
		SolutionGuid = {ACCFC40D-4C3E-436F-A2AD-3B006CA3AD35}
	EndGlobalSection
EndGlobal
